
Microsoft Visual Studio Solution File, Format Version 12.00
# Visual Studio Version 17
VisualStudioVersion = 17.7.34031.279
MinimumVisualStudioVersion = 10.0.40219.1
Project("{9A19103F-16F7-4668-BE54-9A1E7A4F7556}") = "BlazorAppUpload", "BlazorAppUpload\BlazorAppUpload.csproj", "{6FA94413-33D2-463C-B394-0D480F39D7E2}"
EndProject
Project("{FAE04EC0-301F-11D3-BF4B-00C04F79EFBC}") = "Test", "Test\Test.csproj", "{F0011B57-6C7D-42E4-A2CB-69742B028E02}"
EndProject
Global
	GlobalSection(SolutionConfigurationPlatforms) = preSolution
		Debug|Any CPU = Debug|Any CPU
		Release|Any CPU = Release|Any CPU
	EndGlobalSection
	GlobalSection(ProjectConfigurationPlatforms) = postSolution
		{6FA94413-33D2-463C-B394-0D480F39D7E2}.Debug|Any CPU.ActiveCfg = Debug|Any CPU
		{6FA94413-33D2-463C-B394-0D480F39D7E2}.Debug|Any CPU.Build.0 = Debug|Any CPU
		{6FA94413-33D2-463C-B394-0D480F39D7E2}.Release|Any CPU.ActiveCfg = Release|Any CPU
		{6FA94413-33D2-463C-B394-0D480F39D7E2}.Release|Any CPU.Build.0 = Release|Any CPU
		{F0011B57-6C7D-42E4-A2CB-69742B028E02}.Debug|Any CPU.ActiveCfg = Debug|Any CPU
		{F0011B57-6C7D-42E4-A2CB-69742B028E02}.Debug|Any CPU.Build.0 = Debug|Any CPU
		{F0011B57-6C7D-42E4-A2CB-69742B028E02}.Release|Any CPU.ActiveCfg = Release|Any CPU
		{F0011B57-6C7D-42E4-A2CB-69742B028E02}.Release|Any CPU.Build.0 = Release|Any CPU
	EndGlobalSection
	GlobalSection(SolutionProperties) = preSolution
		HideSolutionNode = FALSE
	EndGlobalSection
	GlobalSection(ExtensibilityGlobals) = postSolution
		SolutionGuid = {304D6539-142C-41FD-AC58-A65786F6C0F4}
	EndGlobalSection
EndGlobal
